
Microsoft Visual Studio Solution File, Format Version 12.00
# Visual Studio Version 16
VisualStudioVersion = 16.0.29709.97
MinimumVisualStudioVersion = 10.0.40219.1
Project("{9A19103F-16F7-4668-BE54-9A1E7A4F7556}") = "ConsoleAppJeu21", "ConsoleAppJeu21\ConsoleAppJeu21.csproj", "{D3F67090-4525-4C20-A60E-68A483744991}"
EndProject
Global
	GlobalSection(SolutionConfigurationPlatforms) = preSolution
		Debug|Any CPU = Debug|Any CPU
		Release|Any CPU = Release|Any CPU
	EndGlobalSection
	GlobalSection(ProjectConfigurationPlatforms) = postSolution
		{D3F67090-4525-4C20-A60E-68A483744991}.Debug|Any CPU.ActiveCfg = Debug|Any CPU
		{D3F67090-4525-4C20-A60E-68A483744991}.Debug|Any CPU.Build.0 = Debug|Any CPU
		{D3F67090-4525-4C20-A60E-68A483744991}.Release|Any CPU.ActiveCfg = Release|Any CPU
		{D3F67090-4525-4C20-A60E-68A483744991}.Release|Any CPU.Build.0 = Release|Any CPU
	EndGlobalSection
	GlobalSection(SolutionProperties) = preSolution
		HideSolutionNode = FALSE
	EndGlobalSection
	GlobalSection(ExtensibilityGlobals) = postSolution
		SolutionGuid = {04DFB714-4416-4585-B1D3-DD3138612CEE}
	EndGlobalSection
EndGlobal
